<Solution>
  <Project Path="Api/Api.csproj" />
  <Project Path="Authentication.DomainService/Authentication.DomainService.csproj">
    <Build Solution="Debug|*" Project="false" />
  </Project>
  <Project Path="Captcha.DomainService/Captcha.DomainService.csproj">
    <Build Solution="Debug|*" Project="false" />
  </Project>
  <Project Path="Cloud.DomainService/Cloud.DomainService.csproj" Id="27fdd39a-ed6e-41f3-a08c-4569c01563d4">
    <Build Solution="Debug|*" Project="false" />
  </Project>
  <Project Path="Cloud.LmtService/Cloud.LmtService.csproj" Id="b798bde8-de5e-4449-9cb9-c5c9b2ef519b">
    <Build Solution="Debug|*" Project="false" />
  </Project>
  <Project Path="Iam.DomainService/Iam.DomainService.csproj">
    <Build Solution="Debug|*" Project="false" />
  </Project>
  <Project Path="Identifier.DomainService/Identifier.DomainService.csproj">
    <Build Solution="Debug|*" Project="false" />
  </Project>
  <Project Path="Mfa.DomainService/Mfa.DomainService.csproj">
    <Build Solution="Debug|*" Project="false" />
  </Project>
  <Project Path="Worker/Worker.csproj" />
  <Project Path="XUnitTest/XUnitTest.csproj">
    <Build Solution="Debug|*" Project="false" />
  </Project>
</Solution>
