<Solution>
  <Project Path="Api/Api.csproj" />
  <Project Path="Authentication.DomainService/Authentication.DomainService.csproj" />
  <Project Path="Cloud.DomainService/Cloud.DomainService.csproj" Id="27fdd39a-ed6e-41f3-a08c-4569c01563d4" />
  <Project Path="Captcha.DomainService/Captcha.DomainService.csproj" />
  <Project Path="Iam.DomainService/Iam.DomainService.csproj" />
  <Project Path="Identifier.DomainService/Identifier.DomainService.csproj" />
  <Project Path="Mfa.DomainService/Mfa.DomainService.csproj" />
  <Project Path="Worker/Worker.csproj" />
  <Project Path="XUnitTest/XUnitTest.csproj" />
</Solution>
